
Microsoft Visual Studio Solution File, Format Version 12.00
# Visual Studio Version 16
VisualStudioVersion = 16.0.29905.134
MinimumVisualStudioVersion = 10.0.40219.1
Project("{FAE04EC0-301F-11D3-BF4B-00C04F79EFBC}") = "MapoticPoiExportTool", "MapoticPoiExportTool\MapoticPoiExportTool.csproj", "{1B2B70A9-B842-4D5B-BBDB-9CB4EE951266}"
EndProject
Global
	GlobalSection(SolutionConfigurationPlatforms) = preSolution
		Debug|Any CPU = Debug|Any CPU
		Release|Any CPU = Release|Any CPU
	EndGlobalSection
	GlobalSection(ProjectConfigurationPlatforms) = postSolution
		{1B2B70A9-B842-4D5B-BBDB-9CB4EE951266}.Debug|Any CPU.ActiveCfg = Debug|Any CPU
		{1B2B70A9-B842-4D5B-BBDB-9CB4EE951266}.Debug|Any CPU.Build.0 = Debug|Any CPU
		{1B2B70A9-B842-4D5B-BBDB-9CB4EE951266}.Release|Any CPU.ActiveCfg = Release|Any CPU
		{1B2B70A9-B842-4D5B-BBDB-9CB4EE951266}.Release|Any CPU.Build.0 = Release|Any CPU
	EndGlobalSection
	GlobalSection(SolutionProperties) = preSolution
		HideSolutionNode = FALSE
	EndGlobalSection
	GlobalSection(ExtensibilityGlobals) = postSolution
		SolutionGuid = {430334F4-ADBD-4049-816E-64976D75A666}
	EndGlobalSection
EndGlobal
